
Microsoft Visual Studio Solution File, Format Version 12.00
# Visual Studio 15
Project("{FAE04EC0-301F-11D3-BF4B-00C04F79EFBC}") = "Assembly-CSharp-firstpass", "Assembly-CSharp-firstpass.csproj", "{4F37C268-947B-0912-2CC0-06F8A1632DB4}"
EndProject
Project("{FAE04EC0-301F-11D3-BF4B-00C04F79EFBC}") = "Assembly-CSharp-Editor-firstpass", "Assembly-CSharp-Editor-firstpass.csproj", "{9673B35F-6E8E-1683-F055-9E6D65DFAD28}"
EndProject
Global
	GlobalSection(SolutionConfigurationPlatforms) = preSolution
		Debug|Any CPU = Debug|Any CPU
		Release|Any CPU = Release|Any CPU
	EndGlobalSection
	GlobalSection(ProjectConfigurationPlatforms) = postSolution
		{4F37C268-947B-0912-2CC0-06F8A1632DB4}.Debug|Any CPU.ActiveCfg = Debug|Any CPU
		{4F37C268-947B-0912-2CC0-06F8A1632DB4}.Debug|Any CPU.Build.0 = Debug|Any CPU
		{4F37C268-947B-0912-2CC0-06F8A1632DB4}.Release|Any CPU.ActiveCfg = Release|Any CPU
		{4F37C268-947B-0912-2CC0-06F8A1632DB4}.Release|Any CPU.Build.0 = Release|Any CPU
		{9673B35F-6E8E-1683-F055-9E6D65DFAD28}.Debug|Any CPU.ActiveCfg = Debug|Any CPU
		{9673B35F-6E8E-1683-F055-9E6D65DFAD28}.Debug|Any CPU.Build.0 = Debug|Any CPU
		{9673B35F-6E8E-1683-F055-9E6D65DFAD28}.Release|Any CPU.ActiveCfg = Release|Any CPU
		{9673B35F-6E8E-1683-F055-9E6D65DFAD28}.Release|Any CPU.Build.0 = Release|Any CPU
	EndGlobalSection
	GlobalSection(SolutionProperties) = preSolution
		HideSolutionNode = FALSE
	EndGlobalSection
EndGlobal
